
Microsoft Visual Studio Solution File, Format Version 12.00
# Visual Studio Version 17
VisualStudioVersion = 17.9.34728.123
MinimumVisualStudioVersion = 10.0.40219.1
Project("{FAE04EC0-301F-11D3-BF4B-00C04F79EFBC}") = "WhackUrMole", "WhackUrMole\WhackUrMole.csproj", "{F3E8DF73-C606-497A-B079-1B4447A22DDC}"
EndProject
Project("{FAE04EC0-301F-11D3-BF4B-00C04F79EFBC}") = "WhackUrMoleLib", "WhackUrMoleLib\WhackUrMoleLib.csproj", "{CAFB2666-9C4C-4C45-94D8-45A7FE1913EE}"
	ProjectSection(ProjectDependencies) = postProject
		{F3E8DF73-C606-497A-B079-1B4447A22DDC} = {F3E8DF73-C606-497A-B079-1B4447A22DDC}
	EndProjectSection
EndProject
Global
	GlobalSection(SolutionConfigurationPlatforms) = preSolution
		Debug|Any CPU = Debug|Any CPU
		Release|Any CPU = Release|Any CPU
	EndGlobalSection
	GlobalSection(ProjectConfigurationPlatforms) = postSolution
		{F3E8DF73-C606-497A-B079-1B4447A22DDC}.Debug|Any CPU.ActiveCfg = Debug|Any CPU
		{F3E8DF73-C606-497A-B079-1B4447A22DDC}.Debug|Any CPU.Build.0 = Debug|Any CPU
		{F3E8DF73-C606-497A-B079-1B4447A22DDC}.Release|Any CPU.ActiveCfg = Release|Any CPU
		{F3E8DF73-C606-497A-B079-1B4447A22DDC}.Release|Any CPU.Build.0 = Release|Any CPU
		{CAFB2666-9C4C-4C45-94D8-45A7FE1913EE}.Debug|Any CPU.ActiveCfg = Debug|Any CPU
		{CAFB2666-9C4C-4C45-94D8-45A7FE1913EE}.Debug|Any CPU.Build.0 = Debug|Any CPU
		{CAFB2666-9C4C-4C45-94D8-45A7FE1913EE}.Release|Any CPU.ActiveCfg = Release|Any CPU
		{CAFB2666-9C4C-4C45-94D8-45A7FE1913EE}.Release|Any CPU.Build.0 = Release|Any CPU
	EndGlobalSection
	GlobalSection(SolutionProperties) = preSolution
		HideSolutionNode = FALSE
	EndGlobalSection
	GlobalSection(ExtensibilityGlobals) = postSolution
		SolutionGuid = {454FC99C-2302-457D-B511-372CD8063DD2}
	EndGlobalSection
EndGlobal
